// !$*UTF8*$!
{
	archiveVersion = 1;
	classes = {
	};
	objectVersion = 77;
	objects = {

/* Begin PBXBuildFile section */
		0254B0CD623F1FECC3258DCA /* PriorHolding.swift in Sources */ = {isa = PBXBuildFile; fileRef = 979511B65522219EA59DA2A9 /* PriorHolding.swift */; };
		112524BB954122A83000FBC0 /* AppDelegate.swift in Sources */ = {isa = PBXBuildFile; fileRef = A7745AACBA037492169B68FC /* AppDelegate.swift */; };
		16272C73128B7A5EB8EAB08C /* KeychainHelper.swift in Sources */ = {isa = PBXBuildFile; fileRef = 9995D70904166120C0B2A050 /* KeychainHelper.swift */; };
		247ED4CCFE8A22E6765F8F4B /* AuthView.swift in Sources */ = {isa = PBXBuildFile; fileRef = 040333E9484BEA0F3712479E /* AuthView.swift */; };
		25C37BD191ECCBBD14B06D78 /* PickActivity.swift in Sources */ = {isa = PBXBuildFile; fileRef = B83D3F934E413E3D4131BAA0 /* PickActivity.swift */; };
		278D511AE511825A60C66319 /* StoreManager.swift in Sources */ = {isa = PBXBuildFile; fileRef = D0131EF1A2AE55B596D2E5EF /* StoreManager.swift */; };
		279AB27528E3EE5E0F7B3019 /* NotificationsManager.swift in Sources */ = {isa = PBXBuildFile; fileRef = FDCDA9094EE65914648F3E51 /* NotificationsManager.swift */; };
		29FD74B796ED48F032B03993 /* MainTabView.swift in Sources */ = {isa = PBXBuildFile; fileRef = AF775B9BF9223F7ACE7AA1C2 /* MainTabView.swift */; };
		2A2FF98C39B62F85E8037032 /* AccountView.swift in Sources */ = {isa = PBXBuildFile; fileRef = FE702D73471F753F00FF42E3 /* AccountView.swift */; };
		2F96C056DF410A1FF685E387 /* PickDetailView.swift in Sources */ = {isa = PBXBuildFile; fileRef = 6A17395E2504FDA008D3BE8E /* PickDetailView.swift */; };
		35627BC6698B033ACAA33AAC /* AuthManager.swift in Sources */ = {isa = PBXBuildFile; fileRef = 859B3769550D3ADC64FD4386 /* AuthManager.swift */; };
		35FD761EA884564A39230C0C /* InvestmentAmountView.swift in Sources */ = {isa = PBXBuildFile; fileRef = A549FB3F3C0B7B993F6A1F8A /* InvestmentAmountView.swift */; };
		3683B19F09CA5C2F510E5AE4 /* RootView.swift in Sources */ = {isa = PBXBuildFile; fileRef = B8287C5838F9CAC34FE69512 /* RootView.swift */; };
		36EE2F85312ACCB281EB9D14 /* Assets.xcassets in Resources */ = {isa = PBXBuildFile; fileRef = 121016996505501D88748C4E /* Assets.xcassets */; };
		3BEB3050F8E472FFE7BEEF47 /* NotificationPrimingView.swift in Sources */ = {isa = PBXBuildFile; fileRef = 8939BF169D4D9B3067A6FCD5 /* NotificationPrimingView.swift */; };
		3C5BE17FF77A2540FF1F1410 /* PortfolioWidget.swift in Sources */ = {isa = PBXBuildFile; fileRef = E4A65EF70CD74EBC64471D56 /* PortfolioWidget.swift */; };
		3CB5F1752EA6EC4A6F11B09F /* PickActivityAttributes.swift in Sources */ = {isa = PBXBuildFile; fileRef = 3240CB1FDA7751B227248915 /* PickActivityAttributes.swift */; };
		3D4909274492503AE55026C0 /* AppConfig.swift in Sources */ = {isa = PBXBuildFile; fileRef = 2A1D87F188D573DF65FB58D8 /* AppConfig.swift */; };
		41165DA7553C97388C8BE458 /* OnboardingView.swift in Sources */ = {isa = PBXBuildFile; fileRef = 1BF39174D40D14684D1AD9BC /* OnboardingView.swift */; };
		4250B91694049724915CC9B6 /* APIClient.swift in Sources */ = {isa = PBXBuildFile; fileRef = 9EC722FBF6EABEF5AFA92FB2 /* APIClient.swift */; };
		44D14743FF76888E9EF671C4 /* VectorialDataWidgets.appex in Embed Foundation Extensions */ = {isa = PBXBuildFile; fileRef = A2D7489EA85BDA320179BCBD /* VectorialDataWidgets.appex */; settings = {ATTRIBUTES = (RemoveHeadersOnCopy, ); }; };
		4F287F80D585C8FE70EB69F3 /* LaunchSplashView.swift in Sources */ = {isa = PBXBuildFile; fileRef = 8895AD50A21203555ADBCDD5 /* LaunchSplashView.swift */; };
		5567EC0E2C2DC8B5B6096992 /* PrivacyInfo.xcprivacy in Resources */ = {isa = PBXBuildFile; fileRef = 2B3905F80E08DF2C12D70CD8 /* PrivacyInfo.xcprivacy */; };
		5A502F49AEB6C70A383C7C3C /* PriorHoldingsView.swift in Sources */ = {isa = PBXBuildFile; fileRef = 3D89EBF81F93D0A84FC8F835 /* PriorHoldingsView.swift */; };
		6590D8AD5CD51DAFFF1402F6 /* Position.swift in Sources */ = {isa = PBXBuildFile; fileRef = 16C34C2724FC1FFF56DD4CC2 /* Position.swift */; };
		69FC06D5A6BDECE005F05B3B /* PrivacyInfo.xcprivacy in Resources */ = {isa = PBXBuildFile; fileRef = A6E0BC2DC9A12CC4BAD8C084 /* PrivacyInfo.xcprivacy */; };
		70DF350C8E1041DBDF2ED3A6 /* PersonalPerformanceCard.swift in Sources */ = {isa = PBXBuildFile; fileRef = 98887C25CFE785B9ABFE0947 /* PersonalPerformanceCard.swift */; };
		78864A0404A6921A42630148 /* UserProfile.swift in Sources */ = {isa = PBXBuildFile; fileRef = B3AC321825CBB1A2AF7240EF /* UserProfile.swift */; };
		7B609EDF4633C333BD048D22 /* NewsStore.swift in Sources */ = {isa = PBXBuildFile; fileRef = C111F93F3D71681B43F7C229 /* NewsStore.swift */; };
		7BE9D6C1214CD6E197396E4D /* StockResearch.swift in Sources */ = {isa = PBXBuildFile; fileRef = C5AD2BD246C515FF3FF827CE /* StockResearch.swift */; };
		7CA2E17FEDDB5DDB6FA6448E /* PositionDetailView.swift in Sources */ = {isa = PBXBuildFile; fileRef = FD14B2273C28FE958FFBCD3C /* PositionDetailView.swift */; };
		823F557E6BA9209CCF59334C /* NewsItem.swift in Sources */ = {isa = PBXBuildFile; fileRef = 919CB40028266953070F20DE /* NewsItem.swift */; };
		88EFD99108CEE74FDA7C1C57 /* PickStatusStore.swift in Sources */ = {isa = PBXBuildFile; fileRef = F275146A3F4915E0F9FDDDC1 /* PickStatusStore.swift */; };
		8C8B2EB9B4AE59BA7DD9E29B /* Localizable.xcstrings in Resources */ = {isa = PBXBuildFile; fileRef = D1FB2EE1932989B11399BB99 /* Localizable.xcstrings */; };
		8C9EC8A7D0E879F0A491E99F /* PortfolioView.swift in Sources */ = {isa = PBXBuildFile; fileRef = 4586F5C2A73ABF34E95CF6B7 /* PortfolioView.swift */; };
		928D6E26021D8AD058F99F4C /* DividendStore.swift in Sources */ = {isa = PBXBuildFile; fileRef = 8945448517C9F82AE56E6CD0 /* DividendStore.swift */; };
		9ECE9BF8C1C931E240D0A5F6 /* HomeView.swift in Sources */ = {isa = PBXBuildFile; fileRef = 55080DD2AC6AC1F15A0B5AE0 /* HomeView.swift */; };
		AA0E248DE9CD06AFA04BA575 /* VectorialDataApp.swift in Sources */ = {isa = PBXBuildFile; fileRef = B6C8FFDA09FC877986B464CA /* VectorialDataApp.swift */; };
		AD5F57B766CF61942F60434D /* WeeklyDigestView.swift in Sources */ = {isa = PBXBuildFile; fileRef = 7839984778A3BECA5F20ACEE /* WeeklyDigestView.swift */; };
		AEECABCE4060F297AC915A99 /* PickBuySheet.swift in Sources */ = {isa = PBXBuildFile; fileRef = 6A1BCC5FD3CD089181E6608E /* PickBuySheet.swift */; };
		AF38DA12F4616D318DDA680A /* NewsDetailView.swift in Sources */ = {isa = PBXBuildFile; fileRef = A5CC7DF01DAD9CEE5253E3EE /* NewsDetailView.swift */; };
		B1451BD4642DBEBD8394A0E1 /* PickActivityAttributes.swift in Sources */ = {isa = PBXBuildFile; fileRef = 3240CB1FDA7751B227248915 /* PickActivityAttributes.swift */; };
		B75697E7774B515FA79D1728 /* PaywallView.swift in Sources */ = {isa = PBXBuildFile; fileRef = 2153A56ED3B466C3D79B6813 /* PaywallView.swift */; };
		B7A1C5629877333DF22B652A /* Pick.swift in Sources */ = {isa = PBXBuildFile; fileRef = ADFE44B5DFC2F78E53E11663 /* Pick.swift */; };
		C1A59750F67587F294CE8B17 /* NewsListView.swift in Sources */ = {isa = PBXBuildFile; fileRef = 0F65A381D9042A688E480D0F /* NewsListView.swift */; };
		C3AF5A03305B6EA4F84F6932 /* PicksView.swift in Sources */ = {isa = PBXBuildFile; fileRef = AA83372C812B3CD0F43FA4ED /* PicksView.swift */; };
		CD5187543B275EE3083B6DB7 /* PortfolioSnapshot.swift in Sources */ = {isa = PBXBuildFile; fileRef = D095839A24B3CC3A03AD0D02 /* PortfolioSnapshot.swift */; };
		DF46A23D618595C358585837 /* PriorHoldingsStore.swift in Sources */ = {isa = PBXBuildFile; fileRef = 695CC3305AB75BDAF9415E78 /* PriorHoldingsStore.swift */; };
		E00B7B4841E48E9EA27B9892 /* OwlReveal.swift in Sources */ = {isa = PBXBuildFile; fileRef = AA4D1D7BFB3A4618BC9761A6 /* OwlReveal.swift */; };
		E590808D562222E17AC325C1 /* PerformanceChart.swift in Sources */ = {isa = PBXBuildFile; fileRef = FE2763080A45A8B9800ED6F2 /* PerformanceChart.swift */; };
		E6C2129AECFC143477E9C091 /* PortfolioHistory.swift in Sources */ = {isa = PBXBuildFile; fileRef = 97A3172884B277D3A9C65378 /* PortfolioHistory.swift */; };
		F37EBB33990CBB056ECC618F /* AllocationSection.swift in Sources */ = {isa = PBXBuildFile; fileRef = 02E0587E8F1DD17C83080521 /* AllocationSection.swift */; };
		FC94DD3672CE56CD7316CB37 /* WidgetBundle.swift in Sources */ = {isa = PBXBuildFile; fileRef = 820C026C9E6BED77E2FAB77A /* WidgetBundle.swift */; };
		FD4DE857EE7CB14865A45D21 /* PortfolioSnapshot.swift in Sources */ = {isa = PBXBuildFile; fileRef = D095839A24B3CC3A03AD0D02 /* PortfolioSnapshot.swift */; };
/* End PBXBuildFile section */

/* Begin PBXContainerItemProxy section */
		DCC9A84FE12B44D20D8741D3 /* PBXContainerItemProxy */ = {
			isa = PBXContainerItemProxy;
			containerPortal = EB66975442BE99C04204049A /* Project object */;
			proxyType = 1;
			remoteGlobalIDString = E37DA19C7EDB928044D6E8A5;
			remoteInfo = VectorialDataWidgets;
		};
/* End PBXContainerItemProxy section */

/* Begin PBXCopyFilesBuildPhase section */
		7490E1B203A7873FE4051A3F /* Embed Foundation Extensions */ = {
			isa = PBXCopyFilesBuildPhase;
			buildActionMask = 2147483647;
			dstPath = "";
			dstSubfolderSpec = 13;
			files = (
				44D14743FF76888E9EF671C4 /* VectorialDataWidgets.appex in Embed Foundation Extensions */,
			);
			name = "Embed Foundation Extensions";
			runOnlyForDeploymentPostprocessing = 0;
		};
/* End PBXCopyFilesBuildPhase section */

/* Begin PBXFileReference section */
		02E0587E8F1DD17C83080521 /* AllocationSection.swift */ = {isa = PBXFileReference; lastKnownFileType = sourcecode.swift; path = AllocationSection.swift; sourceTree = "<group>"; };
		040333E9484BEA0F3712479E /* AuthView.swift */ = {isa = PBXFileReference; lastKnownFileType = sourcecode.swift; path = AuthView.swift; sourceTree = "<group>"; };
		0F65A381D9042A688E480D0F /* NewsListView.swift */ = {isa = PBXFileReference; lastKnownFileType = sourcecode.swift; path = NewsListView.swift; sourceTree = "<group>"; };
		121016996505501D88748C4E /* Assets.xcassets */ = {isa = PBXFileReference; lastKnownFileType = folder.assetcatalog; path = Assets.xcassets; sourceTree = "<group>"; };
		16C34C2724FC1FFF56DD4CC2 /* Position.swift */ = {isa = PBXFileReference; lastKnownFileType = sourcecode.swift; path = Position.swift; sourceTree = "<group>"; };
		1BF39174D40D14684D1AD9BC /* OnboardingView.swift */ = {isa = PBXFileReference; lastKnownFileType = sourcecode.swift; path = OnboardingView.swift; sourceTree = "<group>"; };
		2153A56ED3B466C3D79B6813 /* PaywallView.swift */ = {isa = PBXFileReference; lastKnownFileType = sourcecode.swift; path = PaywallView.swift; sourceTree = "<group>"; };
		2A1D87F188D573DF65FB58D8 /* AppConfig.swift */ = {isa = PBXFileReference; lastKnownFileType = sourcecode.swift; path = AppConfig.swift; sourceTree = "<group>"; };
		2B3905F80E08DF2C12D70CD8 /* PrivacyInfo.xcprivacy */ = {isa = PBXFileReference; path = PrivacyInfo.xcprivacy; sourceTree = "<group>"; };
		3240CB1FDA7751B227248915 /* PickActivityAttributes.swift */ = {isa = PBXFileReference; lastKnownFileType = sourcecode.swift; path = PickActivityAttributes.swift; sourceTree = "<group>"; };
		3D89EBF81F93D0A84FC8F835 /* PriorHoldingsView.swift */ = {isa = PBXFileReference; lastKnownFileType = sourcecode.swift; path = PriorHoldingsView.swift; sourceTree = "<group>"; };
		3D9CD8BD67A0E6197487EC73 /* VectorialData.app */ = {isa = PBXFileReference; includeInIndex = 0; lastKnownFileType = wrapper.application; path = VectorialData.app; sourceTree = BUILT_PRODUCTS_DIR; };
		4586F5C2A73ABF34E95CF6B7 /* PortfolioView.swift */ = {isa = PBXFileReference; lastKnownFileType = sourcecode.swift; path = PortfolioView.swift; sourceTree = "<group>"; };
		55080DD2AC6AC1F15A0B5AE0 /* HomeView.swift */ = {isa = PBXFileReference; lastKnownFileType = sourcecode.swift; path = HomeView.swift; sourceTree = "<group>"; };
		695CC3305AB75BDAF9415E78 /* PriorHoldingsStore.swift */ = {isa = PBXFileReference; lastKnownFileType = sourcecode.swift; path = PriorHoldingsStore.swift; sourceTree = "<group>"; };
		6A17395E2504FDA008D3BE8E /* PickDetailView.swift */ = {isa = PBXFileReference; lastKnownFileType = sourcecode.swift; path = PickDetailView.swift; sourceTree = "<group>"; };
		6A1BCC5FD3CD089181E6608E /* PickBuySheet.swift */ = {isa = PBXFileReference; lastKnownFileType = sourcecode.swift; path = PickBuySheet.swift; sourceTree = "<group>"; };
		7839984778A3BECA5F20ACEE /* WeeklyDigestView.swift */ = {isa = PBXFileReference; lastKnownFileType = sourcecode.swift; path = WeeklyDigestView.swift; sourceTree = "<group>"; };
		820C026C9E6BED77E2FAB77A /* WidgetBundle.swift */ = {isa = PBXFileReference; lastKnownFileType = sourcecode.swift; path = WidgetBundle.swift; sourceTree = "<group>"; };
		859B3769550D3ADC64FD4386 /* AuthManager.swift */ = {isa = PBXFileReference; lastKnownFileType = sourcecode.swift; path = AuthManager.swift; sourceTree = "<group>"; };
		8895AD50A21203555ADBCDD5 /* LaunchSplashView.swift */ = {isa = PBXFileReference; lastKnownFileType = sourcecode.swift; path = LaunchSplashView.swift; sourceTree = "<group>"; };
		8939BF169D4D9B3067A6FCD5 /* NotificationPrimingView.swift */ = {isa = PBXFileReference; lastKnownFileType = sourcecode.swift; path = NotificationPrimingView.swift; sourceTree = "<group>"; };
		8945448517C9F82AE56E6CD0 /* DividendStore.swift */ = {isa = PBXFileReference; lastKnownFileType = sourcecode.swift; path = DividendStore.swift; sourceTree = "<group>"; };
		919CB40028266953070F20DE /* NewsItem.swift */ = {isa = PBXFileReference; lastKnownFileType = sourcecode.swift; path = NewsItem.swift; sourceTree = "<group>"; };
		979511B65522219EA59DA2A9 /* PriorHolding.swift */ = {isa = PBXFileReference; lastKnownFileType = sourcecode.swift; path = PriorHolding.swift; sourceTree = "<group>"; };
		97A3172884B277D3A9C65378 /* PortfolioHistory.swift */ = {isa = PBXFileReference; lastKnownFileType = sourcecode.swift; path = PortfolioHistory.swift; sourceTree = "<group>"; };
		98887C25CFE785B9ABFE0947 /* PersonalPerformanceCard.swift */ = {isa = PBXFileReference; lastKnownFileType = sourcecode.swift; path = PersonalPerformanceCard.swift; sourceTree = "<group>"; };
		9995D70904166120C0B2A050 /* KeychainHelper.swift */ = {isa = PBXFileReference; lastKnownFileType = sourcecode.swift; path = KeychainHelper.swift; sourceTree = "<group>"; };
		9EC722FBF6EABEF5AFA92FB2 /* APIClient.swift */ = {isa = PBXFileReference; lastKnownFileType = sourcecode.swift; path = APIClient.swift; sourceTree = "<group>"; };
		A2D7489EA85BDA320179BCBD /* VectorialDataWidgets.appex */ = {isa = PBXFileReference; includeInIndex = 0; lastKnownFileType = "wrapper.app-extension"; path = VectorialDataWidgets.appex; sourceTree = BUILT_PRODUCTS_DIR; };
		A549FB3F3C0B7B993F6A1F8A /* InvestmentAmountView.swift */ = {isa = PBXFileReference; lastKnownFileType = sourcecode.swift; path = InvestmentAmountView.swift; sourceTree = "<group>"; };
		A5CC7DF01DAD9CEE5253E3EE /* NewsDetailView.swift */ = {isa = PBXFileReference; lastKnownFileType = sourcecode.swift; path = NewsDetailView.swift; sourceTree = "<group>"; };
		A6E0BC2DC9A12CC4BAD8C084 /* PrivacyInfo.xcprivacy */ = {isa = PBXFileReference; path = PrivacyInfo.xcprivacy; sourceTree = "<group>"; };
		A7745AACBA037492169B68FC /* AppDelegate.swift */ = {isa = PBXFileReference; lastKnownFileType = sourcecode.swift; path = AppDelegate.swift; sourceTree = "<group>"; };
		AA4D1D7BFB3A4618BC9761A6 /* OwlReveal.swift */ = {isa = PBXFileReference; lastKnownFileType = sourcecode.swift; path = OwlReveal.swift; sourceTree = "<group>"; };
		AA83372C812B3CD0F43FA4ED /* PicksView.swift */ = {isa = PBXFileReference; lastKnownFileType = sourcecode.swift; path = PicksView.swift; sourceTree = "<group>"; };
		ADFE44B5DFC2F78E53E11663 /* Pick.swift */ = {isa = PBXFileReference; lastKnownFileType = sourcecode.swift; path = Pick.swift; sourceTree = "<group>"; };
		AF775B9BF9223F7ACE7AA1C2 /* MainTabView.swift */ = {isa = PBXFileReference; lastKnownFileType = sourcecode.swift; path = MainTabView.swift; sourceTree = "<group>"; };
		B3AC321825CBB1A2AF7240EF /* UserProfile.swift */ = {isa = PBXFileReference; lastKnownFileType = sourcecode.swift; path = UserProfile.swift; sourceTree = "<group>"; };
		B6C8FFDA09FC877986B464CA /* VectorialDataApp.swift */ = {isa = PBXFileReference; lastKnownFileType = sourcecode.swift; path = VectorialDataApp.swift; sourceTree = "<group>"; };
		B8287C5838F9CAC34FE69512 /* RootView.swift */ = {isa = PBXFileReference; lastKnownFileType = sourcecode.swift; path = RootView.swift; sourceTree = "<group>"; };
		B83D3F934E413E3D4131BAA0 /* PickActivity.swift */ = {isa = PBXFileReference; lastKnownFileType = sourcecode.swift; path = PickActivity.swift; sourceTree = "<group>"; };
		C111F93F3D71681B43F7C229 /* NewsStore.swift */ = {isa = PBXFileReference; lastKnownFileType = sourcecode.swift; path = NewsStore.swift; sourceTree = "<group>"; };
		C5AD2BD246C515FF3FF827CE /* StockResearch.swift */ = {isa = PBXFileReference; lastKnownFileType = sourcecode.swift; path = StockResearch.swift; sourceTree = "<group>"; };
		D0131EF1A2AE55B596D2E5EF /* StoreManager.swift */ = {isa = PBXFileReference; lastKnownFileType = sourcecode.swift; path = StoreManager.swift; sourceTree = "<group>"; };
		D095839A24B3CC3A03AD0D02 /* PortfolioSnapshot.swift */ = {isa = PBXFileReference; lastKnownFileType = sourcecode.swift; path = PortfolioSnapshot.swift; sourceTree = "<group>"; };
		D1FB2EE1932989B11399BB99 /* Localizable.xcstrings */ = {isa = PBXFileReference; lastKnownFileType = text.json.xcstrings; path = Localizable.xcstrings; sourceTree = "<group>"; };
		E4A65EF70CD74EBC64471D56 /* PortfolioWidget.swift */ = {isa = PBXFileReference; lastKnownFileType = sourcecode.swift; path = PortfolioWidget.swift; sourceTree = "<group>"; };
		EE55E75F58BEC69030C82856 /* Info.plist */ = {isa = PBXFileReference; lastKnownFileType = text.plist; path = Info.plist; sourceTree = "<group>"; };
		F275146A3F4915E0F9FDDDC1 /* PickStatusStore.swift */ = {isa = PBXFileReference; lastKnownFileType = sourcecode.swift; path = PickStatusStore.swift; sourceTree = "<group>"; };
		FD14B2273C28FE958FFBCD3C /* PositionDetailView.swift */ = {isa = PBXFileReference; lastKnownFileType = sourcecode.swift; path = PositionDetailView.swift; sourceTree = "<group>"; };
		FDCDA9094EE65914648F3E51 /* NotificationsManager.swift */ = {isa = PBXFileReference; lastKnownFileType = sourcecode.swift; path = NotificationsManager.swift; sourceTree = "<group>"; };
		FE2763080A45A8B9800ED6F2 /* PerformanceChart.swift */ = {isa = PBXFileReference; lastKnownFileType = sourcecode.swift; path = PerformanceChart.swift; sourceTree = "<group>"; };
		FE702D73471F753F00FF42E3 /* AccountView.swift */ = {isa = PBXFileReference; lastKnownFileType = sourcecode.swift; path = AccountView.swift; sourceTree = "<group>"; };
/* End PBXFileReference section */

/* Begin PBXGroup section */
		0CD6976A9C4FD887CF7AE226 /* Products */ = {
			isa = PBXGroup;
			children = (
				3D9CD8BD67A0E6197487EC73 /* VectorialData.app */,
				A2D7489EA85BDA320179BCBD /* VectorialDataWidgets.appex */,
			);
			name = Products;
			sourceTree = "<group>";
		};
		225C8318C536036629B36976 /* News */ = {
			isa = PBXGroup;
			children = (
				A5CC7DF01DAD9CEE5253E3EE /* NewsDetailView.swift */,
				0F65A381D9042A688E480D0F /* NewsListView.swift */,
			);
			path = News;
			sourceTree = "<group>";
		};
		244648193016977570800AFE = {
			isa = PBXGroup;
			children = (
				B7DA17B88F2E0B3A576087F4 /* VectorialData */,
				F8D4AFED19A5330BAF7E0A5D /* VectorialDataWidgets */,
				0CD6976A9C4FD887CF7AE226 /* Products */,
			);
			sourceTree = "<group>";
		};
		26CA924A54BAD5769E1465A8 /* Onboarding */ = {
			isa = PBXGroup;
			children = (
				A549FB3F3C0B7B993F6A1F8A /* InvestmentAmountView.swift */,
				8939BF169D4D9B3067A6FCD5 /* NotificationPrimingView.swift */,
				1BF39174D40D14684D1AD9BC /* OnboardingView.swift */,
			);
			path = Onboarding;
			sourceTree = "<group>";
		};
		33DF0D3341A34BDF194C7440 /* Features */ = {
			isa = PBXGroup;
			children = (
				8E9FCED619D03FED9FA2F2B5 /* Account */,
				45FAE9012E922DD71CBFE59C /* Auth */,
				C9E06314EC7F987AFCDB92F2 /* Home */,
				225C8318C536036629B36976 /* News */,
				26CA924A54BAD5769E1465A8 /* Onboarding */,
				F0F30B7C4CC9DA2E37223D8E /* Paywall */,
				FFB19DB43921C3FE4CF8CFA0 /* Picks */,
				4403FEDD2478E4426CBD6381 /* Portfolio */,
				DB9DF4507ACDF94CBE2253A4 /* Root */,
				53D3C3E54F4733AB74BF688E /* Splash */,
			);
			path = Features;
			sourceTree = "<group>";
		};
		3CCF4E91CCB5DDB8104888B9 /* Core */ = {
			isa = PBXGroup;
			children = (
				63BFB032A7BF2635DF4E83FE /* Auth */,
				C1061B15BB42D602409A9A6C /* Config */,
				949C1225E254541875411DB5 /* Models */,
				A5D39BB8DC2CE7084BD86B89 /* Networking */,
				B146B711F22FD3EE43EABA75 /* Notifications */,
				7D151A17382D4E434779654E /* Stores */,
			);
			path = Core;
			sourceTree = "<group>";
		};
		4403FEDD2478E4426CBD6381 /* Portfolio */ = {
			isa = PBXGroup;
			children = (
				02E0587E8F1DD17C83080521 /* AllocationSection.swift */,
				4586F5C2A73ABF34E95CF6B7 /* PortfolioView.swift */,
				FD14B2273C28FE958FFBCD3C /* PositionDetailView.swift */,
			);
			path = Portfolio;
			sourceTree = "<group>";
		};
		45FAE9012E922DD71CBFE59C /* Auth */ = {
			isa = PBXGroup;
			children = (
				040333E9484BEA0F3712479E /* AuthView.swift */,
			);
			path = Auth;
			sourceTree = "<group>";
		};
		53D3C3E54F4733AB74BF688E /* Splash */ = {
			isa = PBXGroup;
			children = (
				8895AD50A21203555ADBCDD5 /* LaunchSplashView.swift */,
				AA4D1D7BFB3A4618BC9761A6 /* OwlReveal.swift */,
			);
			path = Splash;
			sourceTree = "<group>";
		};
		63BFB032A7BF2635DF4E83FE /* Auth */ = {
			isa = PBXGroup;
			children = (
				859B3769550D3ADC64FD4386 /* AuthManager.swift */,
				9995D70904166120C0B2A050 /* KeychainHelper.swift */,
			);
			path = Auth;
			sourceTree = "<group>";
		};
		7D151A17382D4E434779654E /* Stores */ = {
			isa = PBXGroup;
			children = (
				8945448517C9F82AE56E6CD0 /* DividendStore.swift */,
				C111F93F3D71681B43F7C229 /* NewsStore.swift */,
				F275146A3F4915E0F9FDDDC1 /* PickStatusStore.swift */,
				695CC3305AB75BDAF9415E78 /* PriorHoldingsStore.swift */,
				D0131EF1A2AE55B596D2E5EF /* StoreManager.swift */,
			);
			path = Stores;
			sourceTree = "<group>";
		};
		8E9FCED619D03FED9FA2F2B5 /* Account */ = {
			isa = PBXGroup;
			children = (
				FE702D73471F753F00FF42E3 /* AccountView.swift */,
				3D89EBF81F93D0A84FC8F835 /* PriorHoldingsView.swift */,
			);
			path = Account;
			sourceTree = "<group>";
		};
		949C1225E254541875411DB5 /* Models */ = {
			isa = PBXGroup;
			children = (
				919CB40028266953070F20DE /* NewsItem.swift */,
				ADFE44B5DFC2F78E53E11663 /* Pick.swift */,
				3240CB1FDA7751B227248915 /* PickActivityAttributes.swift */,
				97A3172884B277D3A9C65378 /* PortfolioHistory.swift */,
				D095839A24B3CC3A03AD0D02 /* PortfolioSnapshot.swift */,
				16C34C2724FC1FFF56DD4CC2 /* Position.swift */,
				979511B65522219EA59DA2A9 /* PriorHolding.swift */,
				C5AD2BD246C515FF3FF827CE /* StockResearch.swift */,
				B3AC321825CBB1A2AF7240EF /* UserProfile.swift */,
			);
			path = Models;
			sourceTree = "<group>";
		};
		997125E94D6BBCD7A060B38E /* Resources */ = {
			isa = PBXGroup;
			children = (
				D1FB2EE1932989B11399BB99 /* Localizable.xcstrings */,
			);
			path = Resources;
			sourceTree = "<group>";
		};
		A5D39BB8DC2CE7084BD86B89 /* Networking */ = {
			isa = PBXGroup;
			children = (
				9EC722FBF6EABEF5AFA92FB2 /* APIClient.swift */,
			);
			path = Networking;
			sourceTree = "<group>";
		};
		B146B711F22FD3EE43EABA75 /* Notifications */ = {
			isa = PBXGroup;
			children = (
				A7745AACBA037492169B68FC /* AppDelegate.swift */,
				FDCDA9094EE65914648F3E51 /* NotificationsManager.swift */,
			);
			path = Notifications;
			sourceTree = "<group>";
		};
		B7DA17B88F2E0B3A576087F4 /* VectorialData */ = {
			isa = PBXGroup;
			children = (
				121016996505501D88748C4E /* Assets.xcassets */,
				2B3905F80E08DF2C12D70CD8 /* PrivacyInfo.xcprivacy */,
				B6C8FFDA09FC877986B464CA /* VectorialDataApp.swift */,
				3CCF4E91CCB5DDB8104888B9 /* Core */,
				33DF0D3341A34BDF194C7440 /* Features */,
				997125E94D6BBCD7A060B38E /* Resources */,
			);
			path = VectorialData;
			sourceTree = "<group>";
		};
		C1061B15BB42D602409A9A6C /* Config */ = {
			isa = PBXGroup;
			children = (
				2A1D87F188D573DF65FB58D8 /* AppConfig.swift */,
			);
			path = Config;
			sourceTree = "<group>";
		};
		C9E06314EC7F987AFCDB92F2 /* Home */ = {
			isa = PBXGroup;
			children = (
				55080DD2AC6AC1F15A0B5AE0 /* HomeView.swift */,
				FE2763080A45A8B9800ED6F2 /* PerformanceChart.swift */,
				98887C25CFE785B9ABFE0947 /* PersonalPerformanceCard.swift */,
			);
			path = Home;
			sourceTree = "<group>";
		};
		DB9DF4507ACDF94CBE2253A4 /* Root */ = {
			isa = PBXGroup;
			children = (
				AF775B9BF9223F7ACE7AA1C2 /* MainTabView.swift */,
				B8287C5838F9CAC34FE69512 /* RootView.swift */,
			);
			path = Root;
			sourceTree = "<group>";
		};
		F0F30B7C4CC9DA2E37223D8E /* Paywall */ = {
			isa = PBXGroup;
			children = (
				2153A56ED3B466C3D79B6813 /* PaywallView.swift */,
			);
			path = Paywall;
			sourceTree = "<group>";
		};
		F8D4AFED19A5330BAF7E0A5D /* VectorialDataWidgets */ = {
			isa = PBXGroup;
			children = (
				EE55E75F58BEC69030C82856 /* Info.plist */,
				B83D3F934E413E3D4131BAA0 /* PickActivity.swift */,
				E4A65EF70CD74EBC64471D56 /* PortfolioWidget.swift */,
				A6E0BC2DC9A12CC4BAD8C084 /* PrivacyInfo.xcprivacy */,
				820C026C9E6BED77E2FAB77A /* WidgetBundle.swift */,
			);
			path = VectorialDataWidgets;
			sourceTree = "<group>";
		};
		FFB19DB43921C3FE4CF8CFA0 /* Picks */ = {
			isa = PBXGroup;
			children = (
				6A1BCC5FD3CD089181E6608E /* PickBuySheet.swift */,
				6A17395E2504FDA008D3BE8E /* PickDetailView.swift */,
				AA83372C812B3CD0F43FA4ED /* PicksView.swift */,
				7839984778A3BECA5F20ACEE /* WeeklyDigestView.swift */,
			);
			path = Picks;
			sourceTree = "<group>";
		};
/* End PBXGroup section */

/* Begin PBXNativeTarget section */
		B44FEFD46A2626B9B52C05FA /* VectorialData */ = {
			isa = PBXNativeTarget;
			buildConfigurationList = 300A3AA9174DC8E9533CEBDA /* Build configuration list for PBXNativeTarget "VectorialData" */;
			buildPhases = (
				406033258B9487046F7D8663 /* Sources */,
				D058BAF089972E1271D3A8E2 /* Resources */,
				7490E1B203A7873FE4051A3F /* Embed Foundation Extensions */,
			);
			buildRules = (
			);
			dependencies = (
				47C7B7568378AB79B09206E0 /* PBXTargetDependency */,
			);
			name = VectorialData;
			packageProductDependencies = (
			);
			productName = VectorialData;
			productReference = 3D9CD8BD67A0E6197487EC73 /* VectorialData.app */;
			productType = "com.apple.product-type.application";
		};
		E37DA19C7EDB928044D6E8A5 /* VectorialDataWidgets */ = {
			isa = PBXNativeTarget;
			buildConfigurationList = 7F2DAE747A62A32EAB47CB31 /* Build configuration list for PBXNativeTarget "VectorialDataWidgets" */;
			buildPhases = (
				DE78E2B5AF24C4284CE31FD6 /* Sources */,
				7D6A994A449FD8684CA555D9 /* Resources */,
			);
			buildRules = (
			);
			dependencies = (
			);
			name = VectorialDataWidgets;
			packageProductDependencies = (
			);
			productName = VectorialDataWidgets;
			productReference = A2D7489EA85BDA320179BCBD /* VectorialDataWidgets.appex */;
			productType = "com.apple.product-type.app-extension";
		};
/* End PBXNativeTarget section */

/* Begin PBXProject section */
		EB66975442BE99C04204049A /* Project object */ = {
			isa = PBXProject;
			attributes = {
				BuildIndependentTargetsInParallel = YES;
				LastUpgradeCheck = 1430;
				TargetAttributes = {
					B44FEFD46A2626B9B52C05FA = {
						DevelopmentTeam = QMHJWQPS7H;
					};
					E37DA19C7EDB928044D6E8A5 = {
						DevelopmentTeam = QMHJWQPS7H;
						ProvisioningStyle = Automatic;
					};
				};
			};
			buildConfigurationList = A62E09077DC6E9F5FFF6BAAD /* Build configuration list for PBXProject "VectorialData" */;
			developmentRegion = en;
			hasScannedForEncodings = 0;
			knownRegions = (
				Base,
				en,
				es,
				hi,
				pt,
			);
			mainGroup = 244648193016977570800AFE;
			minimizedProjectReferenceProxies = 1;
			preferredProjectObjectVersion = 77;
			productRefGroup = 0CD6976A9C4FD887CF7AE226 /* Products */;
			projectDirPath = "";
			projectRoot = "";
			targets = (
				B44FEFD46A2626B9B52C05FA /* VectorialData */,
				E37DA19C7EDB928044D6E8A5 /* VectorialDataWidgets */,
			);
		};
/* End PBXProject section */

/* Begin PBXResourcesBuildPhase section */
		7D6A994A449FD8684CA555D9 /* Resources */ = {
			isa = PBXResourcesBuildPhase;
			buildActionMask = 2147483647;
			files = (
				69FC06D5A6BDECE005F05B3B /* PrivacyInfo.xcprivacy in Resources */,
			);
			runOnlyForDeploymentPostprocessing = 0;
		};
		D058BAF089972E1271D3A8E2 /* Resources */ = {
			isa = PBXResourcesBuildPhase;
			buildActionMask = 2147483647;
			files = (
				36EE2F85312ACCB281EB9D14 /* Assets.xcassets in Resources */,
				8C8B2EB9B4AE59BA7DD9E29B /* Localizable.xcstrings in Resources */,
				5567EC0E2C2DC8B5B6096992 /* PrivacyInfo.xcprivacy in Resources */,
			);
			runOnlyForDeploymentPostprocessing = 0;
		};
/* End PBXResourcesBuildPhase section */

/* Begin PBXSourcesBuildPhase section */
		406033258B9487046F7D8663 /* Sources */ = {
			isa = PBXSourcesBuildPhase;
			buildActionMask = 2147483647;
			files = (
				4250B91694049724915CC9B6 /* APIClient.swift in Sources */,
				2A2FF98C39B62F85E8037032 /* AccountView.swift in Sources */,
				F37EBB33990CBB056ECC618F /* AllocationSection.swift in Sources */,
				3D4909274492503AE55026C0 /* AppConfig.swift in Sources */,
				112524BB954122A83000FBC0 /* AppDelegate.swift in Sources */,
				35627BC6698B033ACAA33AAC /* AuthManager.swift in Sources */,
				247ED4CCFE8A22E6765F8F4B /* AuthView.swift in Sources */,
				928D6E26021D8AD058F99F4C /* DividendStore.swift in Sources */,
				9ECE9BF8C1C931E240D0A5F6 /* HomeView.swift in Sources */,
				35FD761EA884564A39230C0C /* InvestmentAmountView.swift in Sources */,
				16272C73128B7A5EB8EAB08C /* KeychainHelper.swift in Sources */,
				4F287F80D585C8FE70EB69F3 /* LaunchSplashView.swift in Sources */,
				29FD74B796ED48F032B03993 /* MainTabView.swift in Sources */,
				AF38DA12F4616D318DDA680A /* NewsDetailView.swift in Sources */,
				823F557E6BA9209CCF59334C /* NewsItem.swift in Sources */,
				C1A59750F67587F294CE8B17 /* NewsListView.swift in Sources */,
				7B609EDF4633C333BD048D22 /* NewsStore.swift in Sources */,
				3BEB3050F8E472FFE7BEEF47 /* NotificationPrimingView.swift in Sources */,
				279AB27528E3EE5E0F7B3019 /* NotificationsManager.swift in Sources */,
				41165DA7553C97388C8BE458 /* OnboardingView.swift in Sources */,
				E00B7B4841E48E9EA27B9892 /* OwlReveal.swift in Sources */,
				B75697E7774B515FA79D1728 /* PaywallView.swift in Sources */,
				E590808D562222E17AC325C1 /* PerformanceChart.swift in Sources */,
				70DF350C8E1041DBDF2ED3A6 /* PersonalPerformanceCard.swift in Sources */,
				B7A1C5629877333DF22B652A /* Pick.swift in Sources */,
				3CB5F1752EA6EC4A6F11B09F /* PickActivityAttributes.swift in Sources */,
				AEECABCE4060F297AC915A99 /* PickBuySheet.swift in Sources */,
				2F96C056DF410A1FF685E387 /* PickDetailView.swift in Sources */,
				88EFD99108CEE74FDA7C1C57 /* PickStatusStore.swift in Sources */,
				C3AF5A03305B6EA4F84F6932 /* PicksView.swift in Sources */,
				E6C2129AECFC143477E9C091 /* PortfolioHistory.swift in Sources */,
				CD5187543B275EE3083B6DB7 /* PortfolioSnapshot.swift in Sources */,
				8C9EC8A7D0E879F0A491E99F /* PortfolioView.swift in Sources */,
				6590D8AD5CD51DAFFF1402F6 /* Position.swift in Sources */,
				7CA2E17FEDDB5DDB6FA6448E /* PositionDetailView.swift in Sources */,
				0254B0CD623F1FECC3258DCA /* PriorHolding.swift in Sources */,
				DF46A23D618595C358585837 /* PriorHoldingsStore.swift in Sources */,
				5A502F49AEB6C70A383C7C3C /* PriorHoldingsView.swift in Sources */,
				3683B19F09CA5C2F510E5AE4 /* RootView.swift in Sources */,
				7BE9D6C1214CD6E197396E4D /* StockResearch.swift in Sources */,
				278D511AE511825A60C66319 /* StoreManager.swift in Sources */,
				78864A0404A6921A42630148 /* UserProfile.swift in Sources */,
				AA0E248DE9CD06AFA04BA575 /* VectorialDataApp.swift in Sources */,
				AD5F57B766CF61942F60434D /* WeeklyDigestView.swift in Sources */,
			);
			runOnlyForDeploymentPostprocessing = 0;
		};
		DE78E2B5AF24C4284CE31FD6 /* Sources */ = {
			isa = PBXSourcesBuildPhase;
			buildActionMask = 2147483647;
			files = (
				25C37BD191ECCBBD14B06D78 /* PickActivity.swift in Sources */,
				B1451BD4642DBEBD8394A0E1 /* PickActivityAttributes.swift in Sources */,
				FD4DE857EE7CB14865A45D21 /* PortfolioSnapshot.swift in Sources */,
				3C5BE17FF77A2540FF1F1410 /* PortfolioWidget.swift in Sources */,
				FC94DD3672CE56CD7316CB37 /* WidgetBundle.swift in Sources */,
			);
			runOnlyForDeploymentPostprocessing = 0;
		};
/* End PBXSourcesBuildPhase section */

/* Begin PBXTargetDependency section */
		47C7B7568378AB79B09206E0 /* PBXTargetDependency */ = {
			isa = PBXTargetDependency;
			target = E37DA19C7EDB928044D6E8A5 /* VectorialDataWidgets */;
			targetProxy = DCC9A84FE12B44D20D8741D3 /* PBXContainerItemProxy */;
		};
/* End PBXTargetDependency section */

/* Begin XCBuildConfiguration section */
		1E7EB8B87B2E018C977C590B /* Release */ = {
			isa = XCBuildConfiguration;
			buildSettings = {
				ALWAYS_SEARCH_USER_PATHS = NO;
				CLANG_ANALYZER_NONNULL = YES;
				CLANG_ANALYZER_NUMBER_OBJECT_CONVERSION = YES_AGGRESSIVE;
				CLANG_CXX_LANGUAGE_STANDARD = "gnu++14";
				CLANG_CXX_LIBRARY = "libc++";
				CLANG_ENABLE_MODULES = YES;
				CLANG_ENABLE_OBJC_ARC = YES;
				CLANG_ENABLE_OBJC_WEAK = YES;
				CLANG_WARN_BLOCK_CAPTURE_AUTORELEASING = YES;
				CLANG_WARN_BOOL_CONVERSION = YES;
				CLANG_WARN_COMMA = YES;
				CLANG_WARN_CONSTANT_CONVERSION = YES;
				CLANG_WARN_DEPRECATED_OBJC_IMPLEMENTATIONS = YES;
				CLANG_WARN_DIRECT_OBJC_ISA_USAGE = YES_ERROR;
				CLANG_WARN_DOCUMENTATION_COMMENTS = YES;
				CLANG_WARN_EMPTY_BODY = YES;
				CLANG_WARN_ENUM_CONVERSION = YES;
				CLANG_WARN_INFINITE_RECURSION = YES;
				CLANG_WARN_INT_CONVERSION = YES;
				CLANG_WARN_NON_LITERAL_NULL_CONVERSION = YES;
				CLANG_WARN_OBJC_IMPLICIT_RETAIN_SELF = YES;
				CLANG_WARN_OBJC_LITERAL_CONVERSION = YES;
				CLANG_WARN_OBJC_ROOT_CLASS = YES_ERROR;
				CLANG_WARN_QUOTED_INCLUDE_IN_FRAMEWORK_HEADER = YES;
				CLANG_WARN_RANGE_LOOP_ANALYSIS = YES;
				CLANG_WARN_STRICT_PROTOTYPES = YES;
				CLANG_WARN_SUSPICIOUS_MOVE = YES;
				CLANG_WARN_UNGUARDED_AVAILABILITY = YES_AGGRESSIVE;
				CLANG_WARN_UNREACHABLE_CODE = YES;
				CLANG_WARN__DUPLICATE_METHOD_MATCH = YES;
				COPY_PHASE_STRIP = NO;
				CURRENT_PROJECT_VERSION = 6;
				DEBUG_INFORMATION_FORMAT = "dwarf-with-dsym";
				DEVELOPMENT_TEAM = QMHJWQPS7H;
				ENABLE_MODULE_VERIFIER = YES;
				ENABLE_NS_ASSERTIONS = NO;
				ENABLE_STRICT_OBJC_MSGSEND = YES;
				ENABLE_USER_SCRIPT_SANDBOXING = YES;
				GCC_C_LANGUAGE_STANDARD = gnu11;
				GCC_NO_COMMON_BLOCKS = YES;
				GCC_WARN_64_TO_32_BIT_CONVERSION = YES;
				GCC_WARN_ABOUT_RETURN_TYPE = YES_ERROR;
				GCC_WARN_UNDECLARED_SELECTOR = YES;
				GCC_WARN_UNINITIALIZED_AUTOS = YES_AGGRESSIVE;
				GCC_WARN_UNUSED_FUNCTION = YES;
				GCC_WARN_UNUSED_VARIABLE = YES;
				IPHONEOS_DEPLOYMENT_TARGET = 17.0;
				MARKETING_VERSION = 1.1.0;
				MTL_ENABLE_DEBUG_INFO = NO;
				MTL_FAST_MATH = YES;
				PRODUCT_NAME = "$(TARGET_NAME)";
				SDKROOT = iphoneos;
				SWIFT_COMPILATION_MODE = wholemodule;
				SWIFT_OPTIMIZATION_LEVEL = "-O";
				SWIFT_STRICT_CONCURRENCY = complete;
				SWIFT_VERSION = 5.10;
			};
			name = Release;
		};
		22AE759A3864997299A6DC98 /* Debug */ = {
			isa = XCBuildConfiguration;
			buildSettings = {
				ASSETCATALOG_COMPILER_APPICON_NAME = AppIcon;
				CODE_SIGN_ENTITLEMENTS = VectorialData/VectorialData.entitlements;
				CODE_SIGN_IDENTITY = "iPhone Developer";
				GENERATE_INFOPLIST_FILE = NO;
				INFOPLIST_FILE = VectorialData/Info.plist;
				IPHONEOS_DEPLOYMENT_TARGET = 17.0;
				LD_RUNPATH_SEARCH_PATHS = (
					"$(inherited)",
					"@executable_path/Frameworks",
				);
				PRODUCT_BUNDLE_IDENTIFIER = com.vectorialdata.app;
				SDKROOT = iphoneos;
				TARGETED_DEVICE_FAMILY = "1,2";
			};
			name = Debug;
		};
		5E474FFD7D42A6CE5996E5CB /* Release */ = {
			isa = XCBuildConfiguration;
			buildSettings = {
				ASSETCATALOG_COMPILER_APPICON_NAME = AppIcon;
				CODE_SIGN_ENTITLEMENTS = VectorialData/VectorialData.entitlements;
				CODE_SIGN_IDENTITY = "iPhone Developer";
				GENERATE_INFOPLIST_FILE = NO;
				INFOPLIST_FILE = VectorialData/Info.plist;
				IPHONEOS_DEPLOYMENT_TARGET = 17.0;
				LD_RUNPATH_SEARCH_PATHS = (
					"$(inherited)",
					"@executable_path/Frameworks",
				);
				PRODUCT_BUNDLE_IDENTIFIER = com.vectorialdata.app;
				SDKROOT = iphoneos;
				TARGETED_DEVICE_FAMILY = "1,2";
			};
			name = Release;
		};
		7F82B71060346BBAB18B45AA /* Release */ = {
			isa = XCBuildConfiguration;
			buildSettings = {
				CODE_SIGN_ENTITLEMENTS = VectorialDataWidgets/VectorialDataWidgets.entitlements;
				CODE_SIGN_STYLE = Automatic;
				GENERATE_INFOPLIST_FILE = NO;
				INFOPLIST_FILE = VectorialDataWidgets/Info.plist;
				IPHONEOS_DEPLOYMENT_TARGET = 17.0;
				LD_RUNPATH_SEARCH_PATHS = (
					"$(inherited)",
					"@executable_path/Frameworks",
					"@executable_path/../../Frameworks",
				);
				PRODUCT_BUNDLE_IDENTIFIER = com.vectorialdata.app.widgets;
				SDKROOT = iphoneos;
				SKIP_INSTALL = YES;
				TARGETED_DEVICE_FAMILY = "1,2";
			};
			name = Release;
		};
		A3FF1F3BEE9924B64788FA35 /* Debug */ = {
			isa = XCBuildConfiguration;
			buildSettings = {
				CODE_SIGN_ENTITLEMENTS = VectorialDataWidgets/VectorialDataWidgets.entitlements;
				CODE_SIGN_STYLE = Automatic;
				GENERATE_INFOPLIST_FILE = NO;
				INFOPLIST_FILE = VectorialDataWidgets/Info.plist;
				IPHONEOS_DEPLOYMENT_TARGET = 17.0;
				LD_RUNPATH_SEARCH_PATHS = (
					"$(inherited)",
					"@executable_path/Frameworks",
					"@executable_path/../../Frameworks",
				);
				PRODUCT_BUNDLE_IDENTIFIER = com.vectorialdata.app.widgets;
				SDKROOT = iphoneos;
				SKIP_INSTALL = YES;
				TARGETED_DEVICE_FAMILY = "1,2";
			};
			name = Debug;
		};
		C29A7CD501C98D09297FAD11 /* Debug */ = {
			isa = XCBuildConfiguration;
			buildSettings = {
				ALWAYS_SEARCH_USER_PATHS = NO;
				CLANG_ANALYZER_NONNULL = YES;
				CLANG_ANALYZER_NUMBER_OBJECT_CONVERSION = YES_AGGRESSIVE;
				CLANG_CXX_LANGUAGE_STANDARD = "gnu++14";
				CLANG_CXX_LIBRARY = "libc++";
				CLANG_ENABLE_MODULES = YES;
				CLANG_ENABLE_OBJC_ARC = YES;
				CLANG_ENABLE_OBJC_WEAK = YES;
				CLANG_WARN_BLOCK_CAPTURE_AUTORELEASING = YES;
				CLANG_WARN_BOOL_CONVERSION = YES;
				CLANG_WARN_COMMA = YES;
				CLANG_WARN_CONSTANT_CONVERSION = YES;
				CLANG_WARN_DEPRECATED_OBJC_IMPLEMENTATIONS = YES;
				CLANG_WARN_DIRECT_OBJC_ISA_USAGE = YES_ERROR;
				CLANG_WARN_DOCUMENTATION_COMMENTS = YES;
				CLANG_WARN_EMPTY_BODY = YES;
				CLANG_WARN_ENUM_CONVERSION = YES;
				CLANG_WARN_INFINITE_RECURSION = YES;
				CLANG_WARN_INT_CONVERSION = YES;
				CLANG_WARN_NON_LITERAL_NULL_CONVERSION = YES;
				CLANG_WARN_OBJC_IMPLICIT_RETAIN_SELF = YES;
				CLANG_WARN_OBJC_LITERAL_CONVERSION = YES;
				CLANG_WARN_OBJC_ROOT_CLASS = YES_ERROR;
				CLANG_WARN_QUOTED_INCLUDE_IN_FRAMEWORK_HEADER = YES;
				CLANG_WARN_RANGE_LOOP_ANALYSIS = YES;
				CLANG_WARN_STRICT_PROTOTYPES = YES;
				CLANG_WARN_SUSPICIOUS_MOVE = YES;
				CLANG_WARN_UNGUARDED_AVAILABILITY = YES_AGGRESSIVE;
				CLANG_WARN_UNREACHABLE_CODE = YES;
				CLANG_WARN__DUPLICATE_METHOD_MATCH = YES;
				COPY_PHASE_STRIP = NO;
				CURRENT_PROJECT_VERSION = 6;
				DEBUG_INFORMATION_FORMAT = dwarf;
				DEVELOPMENT_TEAM = QMHJWQPS7H;
				ENABLE_MODULE_VERIFIER = YES;
				ENABLE_STRICT_OBJC_MSGSEND = YES;
				ENABLE_TESTABILITY = YES;
				ENABLE_USER_SCRIPT_SANDBOXING = YES;
				GCC_C_LANGUAGE_STANDARD = gnu11;
				GCC_DYNAMIC_NO_PIC = NO;
				GCC_NO_COMMON_BLOCKS = YES;
				GCC_OPTIMIZATION_LEVEL = 0;
				GCC_PREPROCESSOR_DEFINITIONS = (
					"$(inherited)",
					"DEBUG=1",
				);
				GCC_WARN_64_TO_32_BIT_CONVERSION = YES;
				GCC_WARN_ABOUT_RETURN_TYPE = YES_ERROR;
				GCC_WARN_UNDECLARED_SELECTOR = YES;
				GCC_WARN_UNINITIALIZED_AUTOS = YES_AGGRESSIVE;
				GCC_WARN_UNUSED_FUNCTION = YES;
				GCC_WARN_UNUSED_VARIABLE = YES;
				IPHONEOS_DEPLOYMENT_TARGET = 17.0;
				MARKETING_VERSION = 1.1.0;
				MTL_ENABLE_DEBUG_INFO = INCLUDE_SOURCE;
				MTL_FAST_MATH = YES;
				ONLY_ACTIVE_ARCH = YES;
				PRODUCT_NAME = "$(TARGET_NAME)";
				SDKROOT = iphoneos;
				SWIFT_ACTIVE_COMPILATION_CONDITIONS = DEBUG;
				SWIFT_OPTIMIZATION_LEVEL = "-Onone";
				SWIFT_STRICT_CONCURRENCY = complete;
				SWIFT_VERSION = 5.10;
			};
			name = Debug;
		};
/* End XCBuildConfiguration section */

/* Begin XCConfigurationList section */
		300A3AA9174DC8E9533CEBDA /* Build configuration list for PBXNativeTarget "VectorialData" */ = {
			isa = XCConfigurationList;
			buildConfigurations = (
				22AE759A3864997299A6DC98 /* Debug */,
				5E474FFD7D42A6CE5996E5CB /* Release */,
			);
			defaultConfigurationIsVisible = 0;
			defaultConfigurationName = Debug;
		};
		7F2DAE747A62A32EAB47CB31 /* Build configuration list for PBXNativeTarget "VectorialDataWidgets" */ = {
			isa = XCConfigurationList;
			buildConfigurations = (
				A3FF1F3BEE9924B64788FA35 /* Debug */,
				7F82B71060346BBAB18B45AA /* Release */,
			);
			defaultConfigurationIsVisible = 0;
			defaultConfigurationName = Debug;
		};
		A62E09077DC6E9F5FFF6BAAD /* Build configuration list for PBXProject "VectorialData" */ = {
			isa = XCConfigurationList;
			buildConfigurations = (
				C29A7CD501C98D09297FAD11 /* Debug */,
				1E7EB8B87B2E018C977C590B /* Release */,
			);
			defaultConfigurationIsVisible = 0;
			defaultConfigurationName = Debug;
		};
/* End XCConfigurationList section */
	};
	rootObject = EB66975442BE99C04204049A /* Project object */;
}
